
Microsoft Visual Studio Solution File, Format Version 11.00
# Visual Studio 2010
Project("{FAE04EC0-301F-11D3-BF4B-00C04F79EFBC}") = "TDExpenses", "TDExpenses\TDExpenses.csproj", "{829B0C57-E0C6-43AE-8EFF-0E5F696B9903}"
EndProject
Global
	GlobalSection(SolutionConfigurationPlatforms) = preSolution
		Debug|x86 = Debug|x86
		Release|x86 = Release|x86
	EndGlobalSection
	GlobalSection(ProjectConfigurationPlatforms) = postSolution
		{829B0C57-E0C6-43AE-8EFF-0E5F696B9903}.Debug|x86.ActiveCfg = Debug|x86
		{829B0C57-E0C6-43AE-8EFF-0E5F696B9903}.Debug|x86.Build.0 = Debug|x86
		{829B0C57-E0C6-43AE-8EFF-0E5F696B9903}.Release|x86.ActiveCfg = Release|x86
		{829B0C57-E0C6-43AE-8EFF-0E5F696B9903}.Release|x86.Build.0 = Release|x86
	EndGlobalSection
	GlobalSection(MonoDevelopProperties) = preSolution
		StartupItem = TDExpenses\TDExpenses.csproj
	EndGlobalSection
EndGlobal
