
Microsoft Visual Studio Solution File, Format Version 11.00
# Visual Studio 2010
Project("{FAE04EC0-301F-11D3-BF4B-00C04F79EFBC}") = "timeDisplay", "timeDisplay\timeDisplay.csproj", "{BAE0E735-C66B-4967-8F93-F2A4EC8DCA20}"
EndProject
Global
	GlobalSection(SolutionConfigurationPlatforms) = preSolution
		Debug|x86 = Debug|x86
		Release|x86 = Release|x86
	EndGlobalSection
	GlobalSection(ProjectConfigurationPlatforms) = postSolution
		{BAE0E735-C66B-4967-8F93-F2A4EC8DCA20}.Debug|x86.ActiveCfg = Debug|x86
		{BAE0E735-C66B-4967-8F93-F2A4EC8DCA20}.Debug|x86.Build.0 = Debug|x86
		{BAE0E735-C66B-4967-8F93-F2A4EC8DCA20}.Release|x86.ActiveCfg = Release|x86
		{BAE0E735-C66B-4967-8F93-F2A4EC8DCA20}.Release|x86.Build.0 = Release|x86
	EndGlobalSection
	GlobalSection(MonoDevelopProperties) = preSolution
		StartupItem = timeDisplay\timeDisplay.csproj
	EndGlobalSection
EndGlobal
