
Microsoft Visual Studio Solution File, Format Version 11.00
# Visual Studio 2010
Project("{FAE04EC0-301F-11D3-BF4B-00C04F79EFBC}") = "quadraticOP", "quadraticOP\quadraticOP.csproj", "{3A8286CA-2EF0-44BD-8650-F2CB1BD2DE52}"
EndProject
Global
	GlobalSection(SolutionConfigurationPlatforms) = preSolution
		Debug|x86 = Debug|x86
		Release|x86 = Release|x86
	EndGlobalSection
	GlobalSection(ProjectConfigurationPlatforms) = postSolution
		{3A8286CA-2EF0-44BD-8650-F2CB1BD2DE52}.Debug|x86.ActiveCfg = Debug|x86
		{3A8286CA-2EF0-44BD-8650-F2CB1BD2DE52}.Debug|x86.Build.0 = Debug|x86
		{3A8286CA-2EF0-44BD-8650-F2CB1BD2DE52}.Release|x86.ActiveCfg = Release|x86
		{3A8286CA-2EF0-44BD-8650-F2CB1BD2DE52}.Release|x86.Build.0 = Release|x86
	EndGlobalSection
	GlobalSection(MonoDevelopProperties) = preSolution
		StartupItem = quadraticOP\quadraticOP.csproj
	EndGlobalSection
EndGlobal
