
Microsoft Visual Studio Solution File, Format Version 11.00
# Visual Studio 2010
Project("{FAE04EC0-301F-11D3-BF4B-00C04F79EFBC}") = "Week2.labA", "Week2.labA\Week2.labA.csproj", "{FED11C9C-9CF0-4907-882E-12F876342E70}"
EndProject
Global
	GlobalSection(SolutionConfigurationPlatforms) = preSolution
		Debug|x86 = Debug|x86
		Release|x86 = Release|x86
	EndGlobalSection
	GlobalSection(ProjectConfigurationPlatforms) = postSolution
		{FED11C9C-9CF0-4907-882E-12F876342E70}.Debug|x86.ActiveCfg = Debug|x86
		{FED11C9C-9CF0-4907-882E-12F876342E70}.Debug|x86.Build.0 = Debug|x86
		{FED11C9C-9CF0-4907-882E-12F876342E70}.Release|x86.ActiveCfg = Release|x86
		{FED11C9C-9CF0-4907-882E-12F876342E70}.Release|x86.Build.0 = Release|x86
	EndGlobalSection
	GlobalSection(MonoDevelopProperties) = preSolution
		StartupItem = Week2.labA\Week2.labA.csproj
	EndGlobalSection
EndGlobal
