
Microsoft Visual Studio Solution File, Format Version 11.00
# Visual Studio 2010
Project("{FAE04EC0-301F-11D3-BF4B-00C04F79EFBC}") = "ILOVEDIT", "ILOVEDIT\ILOVEDIT.csproj", "{6B7B8B9D-5B14-41D8-A5E3-E3A10BF22396}"
EndProject
Global
	GlobalSection(SolutionConfigurationPlatforms) = preSolution
		Debug|x86 = Debug|x86
		Release|x86 = Release|x86
	EndGlobalSection
	GlobalSection(ProjectConfigurationPlatforms) = postSolution
		{6B7B8B9D-5B14-41D8-A5E3-E3A10BF22396}.Debug|x86.ActiveCfg = Debug|x86
		{6B7B8B9D-5B14-41D8-A5E3-E3A10BF22396}.Debug|x86.Build.0 = Debug|x86
		{6B7B8B9D-5B14-41D8-A5E3-E3A10BF22396}.Release|x86.ActiveCfg = Release|x86
		{6B7B8B9D-5B14-41D8-A5E3-E3A10BF22396}.Release|x86.Build.0 = Release|x86
	EndGlobalSection
	GlobalSection(MonoDevelopProperties) = preSolution
		StartupItem = ILOVEDIT\ILOVEDIT.csproj
	EndGlobalSection
EndGlobal
